# THIS IS AN AUTOGENERATED FILE. DO NOT EDIT THIS FILE DIRECTLY.
# yarn lockfile v1


"@laser-dac/core@^0.4.1":
  version "0.4.1"
  resolved "https://registry.yarnpkg.com/@laser-dac/core/-/core-0.4.1.tgz#90aa5ba9cf2a77375c4304f05363a7d2858ff310"
  integrity sha512-vXHjSLPb9KviL6whWf1JkS8QRCKxdizsrPVsSbDafr5VgtnxuiDkIMtOz22d4yuhl50MDSg1qTBHGPqGG7VbDw==

"@laser-dac/draw@^0.4.1":
  version "0.4.1"
  resolved "https://registry.yarnpkg.com/@laser-dac/draw/-/draw-0.4.1.tgz#e6f2d81fc18afba8da82fc788358e72578779dbc"
  integrity sha512-yvD8hvDpAq+TiQTSIYu26DbOrAi0Br0txjl/CgtyO7cFtorA3ivknIH/JEd6JLeDHTeEIYF5A73brbe6YTpqQw==
  dependencies:
    "@laser-dac/ilda-reader" "^0.3.1"
    "@types/bezier-js" "^0.0.8"
    "@types/svg-parser" "^1.0.0"
    bezier-js "^2.2.15"
    change-perspective "^1.0.0"
    svg-arc-to-cubic-bezier "^3.1.2"
    svg-parser "^1.0.5"
    svg-pathdata "^5.0.2"

"@laser-dac/ilda-reader@^0.3.1":
  version "0.3.1"
  resolved "https://registry.yarnpkg.com/@laser-dac/ilda-reader/-/ilda-reader-0.3.1.tgz#d103bc5b6aca0fe454cd3dd75fb37323223fbe8f"
  integrity sha512-qyXDQHAEQFAu72y65ttKHE0Ll13eB5QkT8V1BK275JaHmabaEmrQqhCohvldRHRAxBsRhehTcCfgsmEc10JZUg==

"@types/bezier-js@^0.0.8":
  version "0.0.8"
  resolved "https://registry.yarnpkg.com/@types/bezier-js/-/bezier-js-0.0.8.tgz#e9dcdafa72ed4fe0decc72e35f8422fd402c269d"
  integrity sha512-X+sQeRVDMwlQYZEqQcVOVqCKrZa7nKVuYirlJCJQRBpucQSzPGxjv7VAncCGe0cr1v1hFuLAzK11XzjOPqQ0kA==

"@types/node@^12.0.8":
  version "12.0.8"
  resolved "https://registry.yarnpkg.com/@types/node/-/node-12.0.8.tgz#551466be11b2adc3f3d47156758f610bd9f6b1d8"
  integrity sha512-b8bbUOTwzIY3V5vDTY1fIJ+ePKDUBqt2hC2woVGotdQQhG/2Sh62HOKHrT7ab+VerXAcPyAiTEipPu/FsreUtg==

"@types/svg-parser@^1.0.0":
  version "1.0.0"
  resolved "https://registry.yarnpkg.com/@types/svg-parser/-/svg-parser-1.0.0.tgz#2040b3454482633cc3c2c9efd005c04654d80f73"
  integrity sha512-+EI+Ugqg9T0yvcbNQ3ZdOvK7tVThokK8SdZ/DUo17gNn20GkvlRA0id23xEZ/SHcJzvDARXjsekEu9atc47enA==

bezier-js@^2.2.15:
  version "2.4.0"
  resolved "https://registry.yarnpkg.com/bezier-js/-/bezier-js-2.4.0.tgz#8fb65113e01c7d3e443aa9fd66921478befc24a0"
  integrity sha512-ttwqGL47RtYOoZy10oFJZ1VlEC6w1eJW1xMPBAvEx57cTWgmaJNr/c2ZLMr/O2RD50saR0OaLBIpgyZ7rkHLSw==

change-perspective@^1.0.0:
  version "1.0.1"
  resolved "https://registry.yarnpkg.com/change-perspective/-/change-perspective-1.0.1.tgz#537409f59eb930ac3a97ee77b998d1e523e6a00c"
  integrity sha512-x2w4Zv6lCAv85RXVSVFsL5MpOe1SveXyVmIcoT6RN+Kij22V9U8oNzzd4hxAmoZpvyK+/mUS0/2upGxu/FV09g==

locate-character@^1.0.0:
  version "1.0.0"
  resolved "https://registry.yarnpkg.com/locate-character/-/locate-character-1.0.0.tgz#116443c23f29fae28900cac285ba0c71f2693f6d"
  integrity sha1-EWRDwj8p+uKJAMrChboMcfJpP20=

prettier@^1.18.2:
  version "1.18.2"
  resolved "https://registry.yarnpkg.com/prettier/-/prettier-1.18.2.tgz#6823e7c5900017b4bd3acf46fe9ac4b4d7bda9ea"
  integrity sha512-OeHeMc0JhFE9idD4ZdtNibzY0+TPHSpSSb9h8FqtP+YnoZZ1sl8Vc9b1sasjfymH3SonAF4QcA2+mzHPhMvIiw==

svg-arc-to-cubic-bezier@^3.1.2:
  version "3.1.3"
  resolved "https://registry.yarnpkg.com/svg-arc-to-cubic-bezier/-/svg-arc-to-cubic-bezier-3.1.3.tgz#7b5f76445310ef03238964c39ae7dbc761fda879"
  integrity sha512-OyxEvzadllRxlvDiFBihKyl5He2jRvmRx/EyS5fzdz7OF+GF+6IDG9PxJLkyGViREmQMcRaNV92ZusXXoWMFaw==

svg-parser@^1.0.5:
  version "1.0.5"
  resolved "https://registry.yarnpkg.com/svg-parser/-/svg-parser-1.0.5.tgz#7ba73ebdaac7a542b842d68598872d0777e5b7ff"
  integrity sha1-e6c+varHpUK4QtaFmIctB3flt/8=
  dependencies:
    locate-character "^1.0.0"

svg-pathdata@^5.0.2:
  version "5.0.2"
  resolved "https://registry.yarnpkg.com/svg-pathdata/-/svg-pathdata-5.0.2.tgz#e667b94a6071b60c5b123df04f9d6c9fe2f4850e"
  integrity sha512-tmfwioGZZaSMZnAGCFiWd30O2sVbA5/wVP/CS8Pcf9s1ptd6J26bZUFwkIRZy+GYmD+uCECdiAP7bPpLszj+1w==

typescript@^3.5.1:
  version "3.5.2"
  resolved "https://registry.yarnpkg.com/typescript/-/typescript-3.5.2.tgz#a09e1dc69bc9551cadf17dba10ee42cf55e5d56c"
  integrity sha512-7KxJovlYhTX5RaRbUdkAXN1KUZ8PwWlTzQdHV6xNqvuFOs7+WBo10TQUqT19Q/Jz2hk5v9TQDIhyLhhJY4p5AA==
